PODS:
  - Alamofire (5.4.4)
  - Moya (15.0.0):
    - Moya/Core (= 15.0.0)
  - Moya/Core (15.0.0):
    - Alamofire (~> 5.0)
  - Nimble (9.2.1)
  - PINCache (3.0.3):
    - PINCache/Arc-exception-safe (= 3.0.3)
    - PINCache/Core (= 3.0.3)
  - PINCache/Arc-exception-safe (3.0.3):
    - PINCache/Core
  - PINCache/Core (3.0.3):
    - PINOperation (~> 1.2.1)
  - PINOperation (1.2.1)
  - PINRemoteImage/Core (3.0.3):
    - PINOperation
  - PINRemoteImage/iOS (3.0.3):
    - PINRemoteImage/Core
  - PINRemoteImage/PINCache (3.0.3):
    - PINCache (~> 3.0.3)
    - PINRemoteImage/Core
  - Pure (1.1.4):
    - Pure/Core (= 1.1.4)
  - Pure/Core (1.1.4)
  - Texture (3.1.0):
    - Texture/AssetsLibrary (= 3.1.0)
    - Texture/Core (= 3.1.0)
    - Texture/MapKit (= 3.1.0)
    - Texture/Photos (= 3.1.0)
    - Texture/PINRemoteImage (= 3.1.0)
    - Texture/Video (= 3.1.0)
  - Texture/AssetsLibrary (3.1.0):
    - Texture/Core
  - Texture/Core (3.1.0)
  - Texture/MapKit (3.1.0):
    - Texture/Core
  - Texture/Photos (3.1.0):
    - Texture/Core
  - Texture/PINRemoteImage (3.1.0):
    - PINRemoteImage/iOS (~> 3.0.0)
    - PINRemoteImage/PINCache
    - Texture/Core
  - Texture/Video (3.1.0):
    - Texture/Core
  - Then (2.7.0)

DEPENDENCIES:
  - Moya (~> 15.0)
  - Nimble
  - Pure
  - Texture (from `https://github.com/TextureGroup/Texture.git`)
  - Then

SPEC REPOS:
  trunk:
    - Alamofire
    - Moya
    - Nimble
    - PINCache
    - PINOperation
    - PINRemoteImage
    - Pure
    - Then

EXTERNAL SOURCES:
  Texture:
    :git: https://github.com/TextureGroup/Texture.git

CHECKOUT OPTIONS:
  Texture:
    :commit: 50426db99621c8e648fc378647d6288eba603761
    :git: https://github.com/TextureGroup/Texture.git

SPEC CHECKSUMS:
  Alamofire: f3b09a368f1582ab751b3fff5460276e0d2cf5c9
  Moya: 138f0573e53411fb3dc17016add0b748dfbd78ee
  Nimble: e7e615c0335ee4bf5b0d786685451e62746117d5
  PINCache: 7a8fc1a691173d21dbddbf86cd515de6efa55086
  PINOperation: 00c935935f1e8cf0d1e2d6b542e75b88fc3e5e20
  PINRemoteImage: f1295b29f8c5e640e25335a1b2bd9d805171bd01
  Pure: 82d6f4438672a41d21ea6fadd126e1466db001c5
  Texture: 2e8ab2519452515f7f5a520f5a8f7e0a413abfa3
  Then: acfe0be7e98221c6204e12f8161459606d5d822d

PODFILE CHECKSUM: 27b1d50de83363ec40c3eeb93f85ebab15451568

COCOAPODS: 1.11.2
