// !$*UTF8*$!
{
	archiveVersion = 1;
	classes = {
	};
	objectVersion = 55;
	objects = {

/* Begin PBXBuildFile section */
		2C94F7CB91928C9F6FBBA672 /* Pods_BookStoreTexture.framework in Frameworks */ = {isa = PBXBuildFile; fileRef = A83C8B2CF52F17D3DC4F51F6 /* Pods_BookStoreTexture.framework */; };
		67FFB04D42C5FCBD5D51918F /* Pods_BookStoreTexture_BookStoreTextureUITests.framework in Frameworks */ = {isa = PBXBuildFile; fileRef = AD1257B2B4AF2E8464BF7D39 /* Pods_BookStoreTexture_BookStoreTextureUITests.framework */; };
		DB0484D3277DCC70008EB8ED /* CompositionRoot.swift in Sources */ = {isa = PBXBuildFile; fileRef = DB0484D2277DCC70008EB8ED /* CompositionRoot.swift */; };
		DB0484D7277DD46E008EB8ED /* AppDelegateTestDouble.swift in Sources */ = {isa = PBXBuildFile; fileRef = DB0484D6277DD46E008EB8ED /* AppDelegateTestDouble.swift */; };
		DB0484DF277DE7CE008EB8ED /* AppDelegateTests.swift in Sources */ = {isa = PBXBuildFile; fileRef = DB0484DE277DE7CE008EB8ED /* AppDelegateTests.swift */; };
		DB0484E0277DF8E8008EB8ED /* main.swift in Sources */ = {isa = PBXBuildFile; fileRef = DB0484D4277DCF62008EB8ED /* main.swift */; };
		DB2B035D27A59253007CBAF3 /* Network.swift in Sources */ = {isa = PBXBuildFile; fileRef = DB2B035C27A59253007CBAF3 /* Network.swift */; };
		DB2B035F27A5933A007CBAF3 /* NetworkErrorDescriptor.swift in Sources */ = {isa = PBXBuildFile; fileRef = DB2B035E27A5933A007CBAF3 /* NetworkErrorDescriptor.swift */; };
		DB2B036127A595C5007CBAF3 /* NetworkErrorDescriptorSpec.swift in Sources */ = {isa = PBXBuildFile; fileRef = DB2B036027A595C5007CBAF3 /* NetworkErrorDescriptorSpec.swift */; };
		DBF9F5C7279EDAD100E7DAEC /* Theme.swift in Sources */ = {isa = PBXBuildFile; fileRef = DBF9F5C6279EDAD100E7DAEC /* Theme.swift */; };
		DBFE6A562763AABF00DAAFBD /* AppDelegate.swift in Sources */ = {isa = PBXBuildFile; fileRef = DBFE6A552763AABF00DAAFBD /* AppDelegate.swift */; };
		DBFE6A5A2763AABF00DAAFBD /* ViewController.swift in Sources */ = {isa = PBXBuildFile; fileRef = DBFE6A592763AABF00DAAFBD /* ViewController.swift */; };
		DBFE6A5F2763AAC000DAAFBD /* Assets.xcassets in Resources */ = {isa = PBXBuildFile; fileRef = DBFE6A5E2763AAC000DAAFBD /* Assets.xcassets */; };
		DBFE6A622763AAC000DAAFBD /* LaunchScreen.storyboard in Resources */ = {isa = PBXBuildFile; fileRef = DBFE6A602763AAC000DAAFBD /* LaunchScreen.storyboard */; };
		DBFE6A772763AAC000DAAFBD /* BookStoreTextureUITests.swift in Sources */ = {isa = PBXBuildFile; fileRef = DBFE6A762763AAC000DAAFBD /* BookStoreTextureUITests.swift */; };
		DBFE6A792763AAC000DAAFBD /* BookStoreTextureUITestsLaunchTests.swift in Sources */ = {isa = PBXBuildFile; fileRef = DBFE6A782763AAC000DAAFBD /* BookStoreTextureUITestsLaunchTests.swift */; };
		FA7A6EC059E116C05B3BCE88 /* Pods_BookStoreTextureTests.framework in Frameworks */ = {isa = PBXBuildFile; fileRef = 3997B1AE736672FB285F32A7 /* Pods_BookStoreTextureTests.framework */; };
/* End PBXBuildFile section */

/* Begin PBXContainerItemProxy section */
		DBFE6A692763AAC000DAAFBD /* PBXContainerItemProxy */ = {
			isa = PBXContainerItemProxy;
			containerPortal = DBFE6A4A2763AABF00DAAFBD /* Project object */;
			proxyType = 1;
			remoteGlobalIDString = DBFE6A512763AABF00DAAFBD;
			remoteInfo = BookStoreTexture;
		};
		DBFE6A732763AAC000DAAFBD /* PBXContainerItemProxy */ = {
			isa = PBXContainerItemProxy;
			containerPortal = DBFE6A4A2763AABF00DAAFBD /* Project object */;
			proxyType = 1;
			remoteGlobalIDString = DBFE6A512763AABF00DAAFBD;
			remoteInfo = BookStoreTexture;
		};
/* End PBXContainerItemProxy section */

/* Begin PBXFileReference section */
		070286C4B0FF748BBFB52C36 /* Pods-BookStoreTextureTests.release.xcconfig */ = {isa = PBXFileReference; includeInIndex = 1; lastKnownFileType = text.xcconfig; name = "Pods-BookStoreTextureTests.release.xcconfig"; path = "Target Support Files/Pods-BookStoreTextureTests/Pods-BookStoreTextureTests.release.xcconfig"; sourceTree = "<group>"; };
		2093768B9501474E257F8118 /* Pods-BookStoreTextureTests.debug.xcconfig */ = {isa = PBXFileReference; includeInIndex = 1; lastKnownFileType = text.xcconfig; name = "Pods-BookStoreTextureTests.debug.xcconfig"; path = "Target Support Files/Pods-BookStoreTextureTests/Pods-BookStoreTextureTests.debug.xcconfig"; sourceTree = "<group>"; };
		2BA29733B1E20F660A02ED07 /* Pods-BookStoreTexture.release.xcconfig */ = {isa = PBXFileReference; includeInIndex = 1; lastKnownFileType = text.xcconfig; name = "Pods-BookStoreTexture.release.xcconfig"; path = "Target Support Files/Pods-BookStoreTexture/Pods-BookStoreTexture.release.xcconfig"; sourceTree = "<group>"; };
		36C5254BCD1E2420B4B3B472 /* Pods-BookStoreTexture-BookStoreTextureUITests.debug.xcconfig */ = {isa = PBXFileReference; includeInIndex = 1; lastKnownFileType = text.xcconfig; name = "Pods-BookStoreTexture-BookStoreTextureUITests.debug.xcconfig"; path = "Target Support Files/Pods-BookStoreTexture-BookStoreTextureUITests/Pods-BookStoreTexture-BookStoreTextureUITests.debug.xcconfig"; sourceTree = "<group>"; };
		3997B1AE736672FB285F32A7 /* Pods_BookStoreTextureTests.framework */ = {isa = PBXFileReference; explicitFileType = wrapper.framework; includeInIndex = 0; path = Pods_BookStoreTextureTests.framework; sourceTree = BUILT_PRODUCTS_DIR; };
		5FC2DA8D79935AEFDC7424D0 /* Pods-BookStoreTexture-BookStoreTextureUITests.release.xcconfig */ = {isa = PBXFileReference; includeInIndex = 1; lastKnownFileType = text.xcconfig; name = "Pods-BookStoreTexture-BookStoreTextureUITests.release.xcconfig"; path = "Target Support Files/Pods-BookStoreTexture-BookStoreTextureUITests/Pods-BookStoreTexture-BookStoreTextureUITests.release.xcconfig"; sourceTree = "<group>"; };
		897610E2FE46B5482F97DB4D /* Pods-BookStoreTexture.debug.xcconfig */ = {isa = PBXFileReference; includeInIndex = 1; lastKnownFileType = text.xcconfig; name = "Pods-BookStoreTexture.debug.xcconfig"; path = "Target Support Files/Pods-BookStoreTexture/Pods-BookStoreTexture.debug.xcconfig"; sourceTree = "<group>"; };
		A83C8B2CF52F17D3DC4F51F6 /* Pods_BookStoreTexture.framework */ = {isa = PBXFileReference; explicitFileType = wrapper.framework; includeInIndex = 0; path = Pods_BookStoreTexture.framework; sourceTree = BUILT_PRODUCTS_DIR; };
		AD1257B2B4AF2E8464BF7D39 /* Pods_BookStoreTexture_BookStoreTextureUITests.framework */ = {isa = PBXFileReference; explicitFileType = wrapper.framework; includeInIndex = 0; path = Pods_BookStoreTexture_BookStoreTextureUITests.framework; sourceTree = BUILT_PRODUCTS_DIR; };
		DB0484D2277DCC70008EB8ED /* CompositionRoot.swift */ = {isa = PBXFileReference; lastKnownFileType = sourcecode.swift; path = CompositionRoot.swift; sourceTree = "<group>"; };
		DB0484D4277DCF62008EB8ED /* main.swift */ = {isa = PBXFileReference; lastKnownFileType = sourcecode.swift; path = main.swift; sourceTree = "<group>"; };
		DB0484D6277DD46E008EB8ED /* AppDelegateTestDouble.swift */ = {isa = PBXFileReference; lastKnownFileType = sourcecode.swift; path = AppDelegateTestDouble.swift; sourceTree = "<group>"; };
		DB0484DE277DE7CE008EB8ED /* AppDelegateTests.swift */ = {isa = PBXFileReference; lastKnownFileType = sourcecode.swift; path = AppDelegateTests.swift; sourceTree = "<group>"; };
		DB2B035C27A59253007CBAF3 /* Network.swift */ = {isa = PBXFileReference; lastKnownFileType = sourcecode.swift; path = Network.swift; sourceTree = "<group>"; };
		DB2B035E27A5933A007CBAF3 /* NetworkErrorDescriptor.swift */ = {isa = PBXFileReference; lastKnownFileType = sourcecode.swift; path = NetworkErrorDescriptor.swift; sourceTree = "<group>"; };
		DB2B036027A595C5007CBAF3 /* NetworkErrorDescriptorSpec.swift */ = {isa = PBXFileReference; lastKnownFileType = sourcecode.swift; path = NetworkErrorDescriptorSpec.swift; sourceTree = "<group>"; };
		DBF9F5C6279EDAD100E7DAEC /* Theme.swift */ = {isa = PBXFileReference; lastKnownFileType = sourcecode.swift; path = Theme.swift; sourceTree = "<group>"; };
		DBFE6A522763AABF00DAAFBD /* BookStoreTexture.app */ = {isa = PBXFileReference; explicitFileType = wrapper.application; includeInIndex = 0; path = BookStoreTexture.app; sourceTree = BUILT_PRODUCTS_DIR; };
		DBFE6A552763AABF00DAAFBD /* AppDelegate.swift */ = {isa = PBXFileReference; lastKnownFileType = sourcecode.swift; path = AppDelegate.swift; sourceTree = "<group>"; };
		DBFE6A592763AABF00DAAFBD /* ViewController.swift */ = {isa = PBXFileReference; lastKnownFileType = sourcecode.swift; path = ViewController.swift; sourceTree = "<group>"; };
		DBFE6A5E2763AAC000DAAFBD /* Assets.xcassets */ = {isa = PBXFileReference; lastKnownFileType = folder.assetcatalog; path = Assets.xcassets; sourceTree = "<group>"; };
		DBFE6A612763AAC000DAAFBD /* Base */ = {isa = PBXFileReference; lastKnownFileType = file.storyboard; name = Base; path = Base.lproj/LaunchScreen.storyboard; sourceTree = "<group>"; };
		DBFE6A632763AAC000DAAFBD /* Info.plist */ = {isa = PBXFileReference; lastKnownFileType = text.plist.xml; path = Info.plist; sourceTree = "<group>"; };
		DBFE6A682763AAC000DAAFBD /* BookStoreTextureTests.xctest */ = {isa = PBXFileReference; explicitFileType = wrapper.cfbundle; includeInIndex = 0; path = BookStoreTextureTests.xctest; sourceTree = BUILT_PRODUCTS_DIR; };
		DBFE6A722763AAC000DAAFBD /* BookStoreTextureUITests.xctest */ = {isa = PBXFileReference; explicitFileType = wrapper.cfbundle; includeInIndex = 0; path = BookStoreTextureUITests.xctest; sourceTree = BUILT_PRODUCTS_DIR; };
		DBFE6A762763AAC000DAAFBD /* BookStoreTextureUITests.swift */ = {isa = PBXFileReference; lastKnownFileType = sourcecode.swift; path = BookStoreTextureUITests.swift; sourceTree = "<group>"; };
		DBFE6A782763AAC000DAAFBD /* BookStoreTextureUITestsLaunchTests.swift */ = {isa = PBXFileReference; lastKnownFileType = sourcecode.swift; path = BookStoreTextureUITestsLaunchTests.swift; sourceTree = "<group>"; };
/* End PBXFileReference section */

/* Begin PBXFrameworksBuildPhase section */
		DBFE6A4F2763AABF00DAAFBD /* Frameworks */ = {
			isa = PBXFrameworksBuildPhase;
			buildActionMask = 2147483647;
			files = (
				2C94F7CB91928C9F6FBBA672 /* Pods_BookStoreTexture.framework in Frameworks */,
			);
			runOnlyForDeploymentPostprocessing = 0;
		};
		DBFE6A652763AAC000DAAFBD /* Frameworks */ = {
			isa = PBXFrameworksBuildPhase;
			buildActionMask = 2147483647;
			files = (
				FA7A6EC059E116C05B3BCE88 /* Pods_BookStoreTextureTests.framework in Frameworks */,
			);
			runOnlyForDeploymentPostprocessing = 0;
		};
		DBFE6A6F2763AAC000DAAFBD /* Frameworks */ = {
			isa = PBXFrameworksBuildPhase;
			buildActionMask = 2147483647;
			files = (
				67FFB04D42C5FCBD5D51918F /* Pods_BookStoreTexture_BookStoreTextureUITests.framework in Frameworks */,
			);
			runOnlyForDeploymentPostprocessing = 0;
		};
/* End PBXFrameworksBuildPhase section */

/* Begin PBXGroup section */
		8861FFCDCCFEF02CCAEEEDF6 /* Frameworks */ = {
			isa = PBXGroup;
			children = (
				A83C8B2CF52F17D3DC4F51F6 /* Pods_BookStoreTexture.framework */,
				AD1257B2B4AF2E8464BF7D39 /* Pods_BookStoreTexture_BookStoreTextureUITests.framework */,
				3997B1AE736672FB285F32A7 /* Pods_BookStoreTextureTests.framework */,
			);
			name = Frameworks;
			sourceTree = "<group>";
		};
		C697DEF7A1309B0A8D0BC35A /* Pods */ = {
			isa = PBXGroup;
			children = (
				897610E2FE46B5482F97DB4D /* Pods-BookStoreTexture.debug.xcconfig */,
				2BA29733B1E20F660A02ED07 /* Pods-BookStoreTexture.release.xcconfig */,
				36C5254BCD1E2420B4B3B472 /* Pods-BookStoreTexture-BookStoreTextureUITests.debug.xcconfig */,
				5FC2DA8D79935AEFDC7424D0 /* Pods-BookStoreTexture-BookStoreTextureUITests.release.xcconfig */,
				2093768B9501474E257F8118 /* Pods-BookStoreTextureTests.debug.xcconfig */,
				070286C4B0FF748BBFB52C36 /* Pods-BookStoreTextureTests.release.xcconfig */,
			);
			path = Pods;
			sourceTree = "<group>";
		};
		DB979A2B27931AA600E55AE9 /* Presentation */ = {
			isa = PBXGroup;
			children = (
				DB979A3B27931ED400E55AE9 /* UI */,
				DB979A3927931EBC00E55AE9 /* Protocols */,
				DB979A3A27931EC500E55AE9 /* Extensions */,
				DB979A3F27931F1500E55AE9 /* Scenes */,
			);
			path = Presentation;
			sourceTree = "<group>";
		};
		DB979A2C27931AB000E55AE9 /* Domain */ = {
			isa = PBXGroup;
			children = (
				DB979A3827931EA400E55AE9 /* UseCases */,
				DB979A3727931E9400E55AE9 /* Models */,
			);
			path = Domain;
			sourceTree = "<group>";
		};
		DB979A2D27931AB900E55AE9 /* Data */ = {
			isa = PBXGroup;
			children = (
				DB979A3327931AFF00E55AE9 /* Repositories */,
				DB979A3127931AE500E55AE9 /* DataSources */,
				DB979A3027931AD300E55AE9 /* Entites */,
			);
			path = Data;
			sourceTree = "<group>";
		};
		DB979A3027931AD300E55AE9 /* Entites */ = {
			isa = PBXGroup;
			children = (
			);
			path = Entites;
			sourceTree = "<group>";
		};
		DB979A3127931AE500E55AE9 /* DataSources */ = {
			isa = PBXGroup;
			children = (
				DB979A3227931AF200E55AE9 /* Network */,
			);
			path = DataSources;
			sourceTree = "<group>";
		};
		DB979A3227931AF200E55AE9 /* Network */ = {
			isa = PBXGroup;
			children = (
				DB979A3627931C4300E55AE9 /* APIs */,
				DB979A3527931C3600E55AE9 /* Fixtures */,
				DB979A3427931C2C00E55AE9 /* Protocols */,
				DB2B035E27A5933A007CBAF3 /* NetworkErrorDescriptor.swift */,
				DB2B035C27A59253007CBAF3 /* Network.swift */,
			);
			path = Network;
			sourceTree = "<group>";
		};
		DB979A3327931AFF00E55AE9 /* Repositories */ = {
			isa = PBXGroup;
			children = (
			);
			path = Repositories;
			sourceTree = "<group>";
		};
		DB979A3427931C2C00E55AE9 /* Protocols */ = {
			isa = PBXGroup;
			children = (
			);
			path = Protocols;
			sourceTree = "<group>";
		};
		DB979A3527931C3600E55AE9 /* Fixtures */ = {
			isa = PBXGroup;
			children = (
			);
			path = Fixtures;
			sourceTree = "<group>";
		};
		DB979A3627931C4300E55AE9 /* APIs */ = {
			isa = PBXGroup;
			children = (
			);
			path = APIs;
			sourceTree = "<group>";
		};
		DB979A3727931E9400E55AE9 /* Models */ = {
			isa = PBXGroup;
			children = (
			);
			path = Models;
			sourceTree = "<group>";
		};
		DB979A3827931EA400E55AE9 /* UseCases */ = {
			isa = PBXGroup;
			children = (
			);
			path = UseCases;
			sourceTree = "<group>";
		};
		DB979A3927931EBC00E55AE9 /* Protocols */ = {
			isa = PBXGroup;
			children = (
			);
			path = Protocols;
			sourceTree = "<group>";
		};
		DB979A3A27931EC500E55AE9 /* Extensions */ = {
			isa = PBXGroup;
			children = (
			);
			path = Extensions;
			sourceTree = "<group>";
		};
		DB979A3B27931ED400E55AE9 /* UI */ = {
			isa = PBXGroup;
			children = (
				DB979A3E27931F0900E55AE9 /* Views */,
				DB979A3D27931EFE00E55AE9 /* BaseComponents */,
				DB979A3C27931EE700E55AE9 /* Theme */,
			);
			path = UI;
			sourceTree = "<group>";
		};
		DB979A3C27931EE700E55AE9 /* Theme */ = {
			isa = PBXGroup;
			children = (
				DBF9F5C6279EDAD100E7DAEC /* Theme.swift */,
			);
			path = Theme;
			sourceTree = "<group>";
		};
		DB979A3D27931EFE00E55AE9 /* BaseComponents */ = {
			isa = PBXGroup;
			children = (
			);
			path = BaseComponents;
			sourceTree = "<group>";
		};
		DB979A3E27931F0900E55AE9 /* Views */ = {
			isa = PBXGroup;
			children = (
			);
			path = Views;
			sourceTree = "<group>";
		};
		DB979A3F27931F1500E55AE9 /* Scenes */ = {
			isa = PBXGroup;
			children = (
			);
			path = Scenes;
			sourceTree = "<group>";
		};
		DBD708A4276773B7001C5390 /* Resources */ = {
			isa = PBXGroup;
			children = (
				DBFE6A5E2763AAC000DAAFBD /* Assets.xcassets */,
				DBFE6A602763AAC000DAAFBD /* LaunchScreen.storyboard */,
				DBFE6A632763AAC000DAAFBD /* Info.plist */,
			);
			path = Resources;
			sourceTree = "<group>";
		};
		DBD708A527677407001C5390 /* Sources */ = {
			isa = PBXGroup;
			children = (
				DB979A2D27931AB900E55AE9 /* Data */,
				DB979A2C27931AB000E55AE9 /* Domain */,
				DB979A2B27931AA600E55AE9 /* Presentation */,
				DBD708A627677516001C5390 /* Root */,
				DBFE6A592763AABF00DAAFBD /* ViewController.swift */,
			);
			path = Sources;
			sourceTree = "<group>";
		};
		DBD708A627677516001C5390 /* Root */ = {
			isa = PBXGroup;
			children = (
				DBFE6A552763AABF00DAAFBD /* AppDelegate.swift */,
				DB0484D2277DCC70008EB8ED /* CompositionRoot.swift */,
				DB0484D4277DCF62008EB8ED /* main.swift */,
			);
			path = Root;
			sourceTree = "<group>";
		};
		DBFE6A492763AABF00DAAFBD = {
			isa = PBXGroup;
			children = (
				DBFE6A542763AABF00DAAFBD /* BookStoreTexture */,
				DBFE6A6B2763AAC000DAAFBD /* BookStoreTextureTests */,
				DBFE6A752763AAC000DAAFBD /* BookStoreTextureUITests */,
				DBFE6A532763AABF00DAAFBD /* Products */,
				C697DEF7A1309B0A8D0BC35A /* Pods */,
				8861FFCDCCFEF02CCAEEEDF6 /* Frameworks */,
			);
			sourceTree = "<group>";
		};
		DBFE6A532763AABF00DAAFBD /* Products */ = {
			isa = PBXGroup;
			children = (
				DBFE6A522763AABF00DAAFBD /* BookStoreTexture.app */,
				DBFE6A682763AAC000DAAFBD /* BookStoreTextureTests.xctest */,
				DBFE6A722763AAC000DAAFBD /* BookStoreTextureUITests.xctest */,
			);
			name = Products;
			sourceTree = "<group>";
		};
		DBFE6A542763AABF00DAAFBD /* BookStoreTexture */ = {
			isa = PBXGroup;
			children = (
				DBD708A4276773B7001C5390 /* Resources */,
				DBD708A527677407001C5390 /* Sources */,
			);
			path = BookStoreTexture;
			sourceTree = "<group>";
		};
		DBFE6A6B2763AAC000DAAFBD /* BookStoreTextureTests */ = {
			isa = PBXGroup;
			children = (
				DB0484D6277DD46E008EB8ED /* AppDelegateTestDouble.swift */,
				DB0484DE277DE7CE008EB8ED /* AppDelegateTests.swift */,
				DB2B036027A595C5007CBAF3 /* NetworkErrorDescriptorSpec.swift */,
			);
			path = BookStoreTextureTests;
			sourceTree = "<group>";
		};
		DBFE6A752763AAC000DAAFBD /* BookStoreTextureUITests */ = {
			isa = PBXGroup;
			children = (
				DBFE6A762763AAC000DAAFBD /* BookStoreTextureUITests.swift */,
				DBFE6A782763AAC000DAAFBD /* BookStoreTextureUITestsLaunchTests.swift */,
			);
			path = BookStoreTextureUITests;
			sourceTree = "<group>";
		};
/* End PBXGroup section */

/* Begin PBXNativeTarget section */
		DBFE6A512763AABF00DAAFBD /* BookStoreTexture */ = {
			isa = PBXNativeTarget;
			buildConfigurationList = DBFE6A7C2763AAC000DAAFBD /* Build configuration list for PBXNativeTarget "BookStoreTexture" */;
			buildPhases = (
				2170C5A7882F869AEBFDD037 /* [CP] Check Pods Manifest.lock */,
				DBFE6A4E2763AABF00DAAFBD /* Sources */,
				DBFE6A4F2763AABF00DAAFBD /* Frameworks */,
				DBFE6A502763AABF00DAAFBD /* Resources */,
				1BA9D4F1C34AE2952A080616 /* [CP] Embed Pods Frameworks */,
			);
			buildRules = (
			);
			dependencies = (
			);
			name = BookStoreTexture;
			productName = BookStoreTexture;
			productReference = DBFE6A522763AABF00DAAFBD /* BookStoreTexture.app */;
			productType = "com.apple.product-type.application";
		};
		DBFE6A672763AAC000DAAFBD /* BookStoreTextureTests */ = {
			isa = PBXNativeTarget;
			buildConfigurationList = DBFE6A7F2763AAC000DAAFBD /* Build configuration list for PBXNativeTarget "BookStoreTextureTests" */;
			buildPhases = (
				EFC8AC468B7AB12B9D135C69 /* [CP] Check Pods Manifest.lock */,
				DBFE6A642763AAC000DAAFBD /* Sources */,
				DBFE6A652763AAC000DAAFBD /* Frameworks */,
				DBFE6A662763AAC000DAAFBD /* Resources */,
				ABA5E5BE68CB612E9354FB03 /* [CP] Embed Pods Frameworks */,
			);
			buildRules = (
			);
			dependencies = (
				DBFE6A6A2763AAC000DAAFBD /* PBXTargetDependency */,
			);
			name = BookStoreTextureTests;
			productName = BookStoreTextureTests;
			productReference = DBFE6A682763AAC000DAAFBD /* BookStoreTextureTests.xctest */;
			productType = "com.apple.product-type.bundle.unit-test";
		};
		DBFE6A712763AAC000DAAFBD /* BookStoreTextureUITests */ = {
			isa = PBXNativeTarget;
			buildConfigurationList = DBFE6A822763AAC000DAAFBD /* Build configuration list for PBXNativeTarget "BookStoreTextureUITests" */;
			buildPhases = (
				C8CB7146ED0B7E5D4390DB0E /* [CP] Check Pods Manifest.lock */,
				DBFE6A6E2763AAC000DAAFBD /* Sources */,
				DBFE6A6F2763AAC000DAAFBD /* Frameworks */,
				DBFE6A702763AAC000DAAFBD /* Resources */,
				6C73647740D656F4A6A7CBEB /* [CP] Embed Pods Frameworks */,
			);
			buildRules = (
			);
			dependencies = (
				DBFE6A742763AAC000DAAFBD /* PBXTargetDependency */,
			);
			name = BookStoreTextureUITests;
			productName = BookStoreTextureUITests;
			productReference = DBFE6A722763AAC000DAAFBD /* BookStoreTextureUITests.xctest */;
			productType = "com.apple.product-type.bundle.ui-testing";
		};
/* End PBXNativeTarget section */

/* Begin PBXProject section */
		DBFE6A4A2763AABF00DAAFBD /* Project object */ = {
			isa = PBXProject;
			attributes = {
				BuildIndependentTargetsInParallel = 1;
				LastSwiftUpdateCheck = 1300;
				LastUpgradeCheck = 1300;
				TargetAttributes = {
					DBFE6A512763AABF00DAAFBD = {
						CreatedOnToolsVersion = 13.0;
					};
					DBFE6A672763AAC000DAAFBD = {
						CreatedOnToolsVersion = 13.0;
						TestTargetID = DBFE6A512763AABF00DAAFBD;
					};
					DBFE6A712763AAC000DAAFBD = {
						CreatedOnToolsVersion = 13.0;
						TestTargetID = DBFE6A512763AABF00DAAFBD;
					};
				};
			};
			buildConfigurationList = DBFE6A4D2763AABF00DAAFBD /* Build configuration list for PBXProject "BookStoreTexture" */;
			compatibilityVersion = "Xcode 13.0";
			developmentRegion = en;
			hasScannedForEncodings = 0;
			knownRegions = (
				en,
				Base,
			);
			mainGroup = DBFE6A492763AABF00DAAFBD;
			productRefGroup = DBFE6A532763AABF00DAAFBD /* Products */;
			projectDirPath = "";
			projectRoot = "";
			targets = (
				DBFE6A512763AABF00DAAFBD /* BookStoreTexture */,
				DBFE6A672763AAC000DAAFBD /* BookStoreTextureTests */,
				DBFE6A712763AAC000DAAFBD /* BookStoreTextureUITests */,
			);
		};
/* End PBXProject section */

/* Begin PBXResourcesBuildPhase section */
		DBFE6A502763AABF00DAAFBD /* Resources */ = {
			isa = PBXResourcesBuildPhase;
			buildActionMask = 2147483647;
			files = (
				DBFE6A622763AAC000DAAFBD /* LaunchScreen.storyboard in Resources */,
				DBFE6A5F2763AAC000DAAFBD /* Assets.xcassets in Resources */,
			);
			runOnlyForDeploymentPostprocessing = 0;
		};
		DBFE6A662763AAC000DAAFBD /* Resources */ = {
			isa = PBXResourcesBuildPhase;
			buildActionMask = 2147483647;
			files = (
			);
			runOnlyForDeploymentPostprocessing = 0;
		};
		DBFE6A702763AAC000DAAFBD /* Resources */ = {
			isa = PBXResourcesBuildPhase;
			buildActionMask = 2147483647;
			files = (
			);
			runOnlyForDeploymentPostprocessing = 0;
		};
/* End PBXResourcesBuildPhase section */

/* Begin PBXShellScriptBuildPhase section */
		1BA9D4F1C34AE2952A080616 /* [CP] Embed Pods Frameworks */ = {
			isa = PBXShellScriptBuildPhase;
			buildActionMask = 2147483647;
			files = (
			);
			inputFileListPaths = (
				"${PODS_ROOT}/Target Support Files/Pods-BookStoreTexture/Pods-BookStoreTexture-frameworks-${CONFIGURATION}-input-files.xcfilelist",
			);
			name = "[CP] Embed Pods Frameworks";
			outputFileListPaths = (
				"${PODS_ROOT}/Target Support Files/Pods-BookStoreTexture/Pods-BookStoreTexture-frameworks-${CONFIGURATION}-output-files.xcfilelist",
			);
			runOnlyForDeploymentPostprocessing = 0;
			shellPath = /bin/sh;
			shellScript = "\"${PODS_ROOT}/Target Support Files/Pods-BookStoreTexture/Pods-BookStoreTexture-frameworks.sh\"\n";
			showEnvVarsInLog = 0;
		};
		2170C5A7882F869AEBFDD037 /* [CP] Check Pods Manifest.lock */ = {
			isa = PBXShellScriptBuildPhase;
			buildActionMask = 2147483647;
			files = (
			);
			inputFileListPaths = (
			);
			inputPaths = (
				"${PODS_PODFILE_DIR_PATH}/Podfile.lock",
				"${PODS_ROOT}/Manifest.lock",
			);
			name = "[CP] Check Pods Manifest.lock";
			outputFileListPaths = (
			);
			outputPaths = (
				"$(DERIVED_FILE_DIR)/Pods-BookStoreTexture-checkManifestLockResult.txt",
			);
			runOnlyForDeploymentPostprocessing = 0;
			shellPath = /bin/sh;
			shellScript = "diff \"${PODS_PODFILE_DIR_PATH}/Podfile.lock\" \"${PODS_ROOT}/Manifest.lock\" > /dev/null\nif [ $? != 0 ] ; then\n    # print error to STDERR\n    echo \"error: The sandbox is not in sync with the Podfile.lock. Run 'pod install' or update your CocoaPods installation.\" >&2\n    exit 1\nfi\n# This output is used by Xcode 'outputs' to avoid re-running this script phase.\necho \"SUCCESS\" > \"${SCRIPT_OUTPUT_FILE_0}\"\n";
			showEnvVarsInLog = 0;
		};
		6C73647740D656F4A6A7CBEB /* [CP] Embed Pods Frameworks */ = {
			isa = PBXShellScriptBuildPhase;
			buildActionMask = 2147483647;
			files = (
			);
			inputFileListPaths = (
				"${PODS_ROOT}/Target Support Files/Pods-BookStoreTexture-BookStoreTextureUITests/Pods-BookStoreTexture-BookStoreTextureUITests-frameworks-${CONFIGURATION}-input-files.xcfilelist",
			);
			name = "[CP] Embed Pods Frameworks";
			outputFileListPaths = (
				"${PODS_ROOT}/Target Support Files/Pods-BookStoreTexture-BookStoreTextureUITests/Pods-BookStoreTexture-BookStoreTextureUITests-frameworks-${CONFIGURATION}-output-files.xcfilelist",
			);
			runOnlyForDeploymentPostprocessing = 0;
			shellPath = /bin/sh;
			shellScript = "\"${PODS_ROOT}/Target Support Files/Pods-BookStoreTexture-BookStoreTextureUITests/Pods-BookStoreTexture-BookStoreTextureUITests-frameworks.sh\"\n";
			showEnvVarsInLog = 0;
		};
		ABA5E5BE68CB612E9354FB03 /* [CP] Embed Pods Frameworks */ = {
			isa = PBXShellScriptBuildPhase;
			buildActionMask = 2147483647;
			files = (
			);
			inputFileListPaths = (
				"${PODS_ROOT}/Target Support Files/Pods-BookStoreTextureTests/Pods-BookStoreTextureTests-frameworks-${CONFIGURATION}-input-files.xcfilelist",
			);
			name = "[CP] Embed Pods Frameworks";
			outputFileListPaths = (
				"${PODS_ROOT}/Target Support Files/Pods-BookStoreTextureTests/Pods-BookStoreTextureTests-frameworks-${CONFIGURATION}-output-files.xcfilelist",
			);
			runOnlyForDeploymentPostprocessing = 0;
			shellPath = /bin/sh;
			shellScript = "\"${PODS_ROOT}/Target Support Files/Pods-BookStoreTextureTests/Pods-BookStoreTextureTests-frameworks.sh\"\n";
			showEnvVarsInLog = 0;
		};
		C8CB7146ED0B7E5D4390DB0E /* [CP] Check Pods Manifest.lock */ = {
			isa = PBXShellScriptBuildPhase;
			buildActionMask = 2147483647;
			files = (
			);
			inputFileListPaths = (
			);
			inputPaths = (
				"${PODS_PODFILE_DIR_PATH}/Podfile.lock",
				"${PODS_ROOT}/Manifest.lock",
			);
			name = "[CP] Check Pods Manifest.lock";
			outputFileListPaths = (
			);
			outputPaths = (
				"$(DERIVED_FILE_DIR)/Pods-BookStoreTexture-BookStoreTextureUITests-checkManifestLockResult.txt",
			);
			runOnlyForDeploymentPostprocessing = 0;
			shellPath = /bin/sh;
			shellScript = "diff \"${PODS_PODFILE_DIR_PATH}/Podfile.lock\" \"${PODS_ROOT}/Manifest.lock\" > /dev/null\nif [ $? != 0 ] ; then\n    # print error to STDERR\n    echo \"error: The sandbox is not in sync with the Podfile.lock. Run 'pod install' or update your CocoaPods installation.\" >&2\n    exit 1\nfi\n# This output is used by Xcode 'outputs' to avoid re-running this script phase.\necho \"SUCCESS\" > \"${SCRIPT_OUTPUT_FILE_0}\"\n";
			showEnvVarsInLog = 0;
		};
		EFC8AC468B7AB12B9D135C69 /* [CP] Check Pods Manifest.lock */ = {
			isa = PBXShellScriptBuildPhase;
			buildActionMask = 2147483647;
			files = (
			);
			inputFileListPaths = (
			);
			inputPaths = (
				"${PODS_PODFILE_DIR_PATH}/Podfile.lock",
				"${PODS_ROOT}/Manifest.lock",
			);
			name = "[CP] Check Pods Manifest.lock";
			outputFileListPaths = (
			);
			outputPaths = (
				"$(DERIVED_FILE_DIR)/Pods-BookStoreTextureTests-checkManifestLockResult.txt",
			);
			runOnlyForDeploymentPostprocessing = 0;
			shellPath = /bin/sh;
			shellScript = "diff \"${PODS_PODFILE_DIR_PATH}/Podfile.lock\" \"${PODS_ROOT}/Manifest.lock\" > /dev/null\nif [ $? != 0 ] ; then\n    # print error to STDERR\n    echo \"error: The sandbox is not in sync with the Podfile.lock. Run 'pod install' or update your CocoaPods installation.\" >&2\n    exit 1\nfi\n# This output is used by Xcode 'outputs' to avoid re-running this script phase.\necho \"SUCCESS\" > \"${SCRIPT_OUTPUT_FILE_0}\"\n";
			showEnvVarsInLog = 0;
		};
/* End PBXShellScriptBuildPhase section */

/* Begin PBXSourcesBuildPhase section */
		DBFE6A4E2763AABF00DAAFBD /* Sources */ = {
			isa = PBXSourcesBuildPhase;
			buildActionMask = 2147483647;
			files = (
				DB0484D3277DCC70008EB8ED /* CompositionRoot.swift in Sources */,
				DB2B035F27A5933A007CBAF3 /* NetworkErrorDescriptor.swift in Sources */,
				DBFE6A5A2763AABF00DAAFBD /* ViewController.swift in Sources */,
				DB2B035D27A59253007CBAF3 /* Network.swift in Sources */,
				DBF9F5C7279EDAD100E7DAEC /* Theme.swift in Sources */,
				DB0484E0277DF8E8008EB8ED /* main.swift in Sources */,
				DBFE6A562763AABF00DAAFBD /* AppDelegate.swift in Sources */,
			);
			runOnlyForDeploymentPostprocessing = 0;
		};
		DBFE6A642763AAC000DAAFBD /* Sources */ = {
			isa = PBXSourcesBuildPhase;
			buildActionMask = 2147483647;
			files = (
				DB0484D7277DD46E008EB8ED /* AppDelegateTestDouble.swift in Sources */,
				DB0484DF277DE7CE008EB8ED /* AppDelegateTests.swift in Sources */,
				DB2B036127A595C5007CBAF3 /* NetworkErrorDescriptorSpec.swift in Sources */,
			);
			runOnlyForDeploymentPostprocessing = 0;
		};
		DBFE6A6E2763AAC000DAAFBD /* Sources */ = {
			isa = PBXSourcesBuildPhase;
			buildActionMask = 2147483647;
			files = (
				DBFE6A772763AAC000DAAFBD /* BookStoreTextureUITests.swift in Sources */,
				DBFE6A792763AAC000DAAFBD /* BookStoreTextureUITestsLaunchTests.swift in Sources */,
			);
			runOnlyForDeploymentPostprocessing = 0;
		};
/* End PBXSourcesBuildPhase section */

/* Begin PBXTargetDependency section */
		DBFE6A6A2763AAC000DAAFBD /* PBXTargetDependency */ = {
			isa = PBXTargetDependency;
			target = DBFE6A512763AABF00DAAFBD /* BookStoreTexture */;
			targetProxy = DBFE6A692763AAC000DAAFBD /* PBXContainerItemProxy */;
		};
		DBFE6A742763AAC000DAAFBD /* PBXTargetDependency */ = {
			isa = PBXTargetDependency;
			target = DBFE6A512763AABF00DAAFBD /* BookStoreTexture */;
			targetProxy = DBFE6A732763AAC000DAAFBD /* PBXContainerItemProxy */;
		};
/* End PBXTargetDependency section */

/* Begin PBXVariantGroup section */
		DBFE6A602763AAC000DAAFBD /* LaunchScreen.storyboard */ = {
			isa = PBXVariantGroup;
			children = (
				DBFE6A612763AAC000DAAFBD /* Base */,
			);
			name = LaunchScreen.storyboard;
			sourceTree = "<group>";
		};
/* End PBXVariantGroup section */

/* Begin XCBuildConfiguration section */
		DBFE6A7A2763AAC000DAAFBD /* Debug */ = {
			isa = XCBuildConfiguration;
			buildSettings = {
				ALWAYS_SEARCH_USER_PATHS = NO;
				CLANG_ANALYZER_NONNULL = YES;
				CLANG_ANALYZER_NUMBER_OBJECT_CONVERSION = YES_AGGRESSIVE;
				CLANG_CXX_LANGUAGE_STANDARD = "gnu++17";
				CLANG_CXX_LIBRARY = "libc++";
				CLANG_ENABLE_MODULES = YES;
				CLANG_ENABLE_OBJC_ARC = YES;
				CLANG_ENABLE_OBJC_WEAK = YES;
				CLANG_WARN_BLOCK_CAPTURE_AUTORELEASING = YES;
				CLANG_WARN_BOOL_CONVERSION = YES;
				CLANG_WARN_COMMA = YES;
				CLANG_WARN_CONSTANT_CONVERSION = YES;
				CLANG_WARN_DEPRECATED_OBJC_IMPLEMENTATIONS = YES;
				CLANG_WARN_DIRECT_OBJC_ISA_USAGE = YES_ERROR;
				CLANG_WARN_DOCUMENTATION_COMMENTS = YES;
				CLANG_WARN_EMPTY_BODY = YES;
				CLANG_WARN_ENUM_CONVERSION = YES;
				CLANG_WARN_INFINITE_RECURSION = YES;
				CLANG_WARN_INT_CONVERSION = YES;
				CLANG_WARN_NON_LITERAL_NULL_CONVERSION = YES;
				CLANG_WARN_OBJC_IMPLICIT_RETAIN_SELF = YES;
				CLANG_WARN_OBJC_LITERAL_CONVERSION = YES;
				CLANG_WARN_OBJC_ROOT_CLASS = YES_ERROR;
				CLANG_WARN_QUOTED_INCLUDE_IN_FRAMEWORK_HEADER = YES;
				CLANG_WARN_RANGE_LOOP_ANALYSIS = YES;
				CLANG_WARN_STRICT_PROTOTYPES = YES;
				CLANG_WARN_SUSPICIOUS_MOVE = YES;
				CLANG_WARN_UNGUARDED_AVAILABILITY = YES_AGGRESSIVE;
				CLANG_WARN_UNREACHABLE_CODE = YES;
				CLANG_WARN__DUPLICATE_METHOD_MATCH = YES;
				COPY_PHASE_STRIP = NO;
				DEBUG_INFORMATION_FORMAT = dwarf;
				ENABLE_STRICT_OBJC_MSGSEND = YES;
				ENABLE_TESTABILITY = YES;
				GCC_C_LANGUAGE_STANDARD = gnu11;
				GCC_DYNAMIC_NO_PIC = NO;
				GCC_NO_COMMON_BLOCKS = YES;
				GCC_OPTIMIZATION_LEVEL = 0;
				GCC_PREPROCESSOR_DEFINITIONS = (
					"DEBUG=1",
					"$(inherited)",
				);
				GCC_WARN_64_TO_32_BIT_CONVERSION = YES;
				GCC_WARN_ABOUT_RETURN_TYPE = YES_ERROR;
				GCC_WARN_UNDECLARED_SELECTOR = YES;
				GCC_WARN_UNINITIALIZED_AUTOS = YES_AGGRESSIVE;
				GCC_WARN_UNUSED_FUNCTION = YES;
				GCC_WARN_UNUSED_VARIABLE = YES;
				IPHONEOS_DEPLOYMENT_TARGET = 13.0;
				MTL_ENABLE_DEBUG_INFO = INCLUDE_SOURCE;
				MTL_FAST_MATH = YES;
				ONLY_ACTIVE_ARCH = YES;
				SDKROOT = iphoneos;
				SWIFT_ACTIVE_COMPILATION_CONDITIONS = DEBUG;
				SWIFT_OPTIMIZATION_LEVEL = "-Onone";
			};
			name = Debug;
		};
		DBFE6A7B2763AAC000DAAFBD /* Release */ = {
			isa = XCBuildConfiguration;
			buildSettings = {
				ALWAYS_SEARCH_USER_PATHS = NO;
				CLANG_ANALYZER_NONNULL = YES;
				CLANG_ANALYZER_NUMBER_OBJECT_CONVERSION = YES_AGGRESSIVE;
				CLANG_CXX_LANGUAGE_STANDARD = "gnu++17";
				CLANG_CXX_LIBRARY = "libc++";
				CLANG_ENABLE_MODULES = YES;
				CLANG_ENABLE_OBJC_ARC = YES;
				CLANG_ENABLE_OBJC_WEAK = YES;
				CLANG_WARN_BLOCK_CAPTURE_AUTORELEASING = YES;
				CLANG_WARN_BOOL_CONVERSION = YES;
				CLANG_WARN_COMMA = YES;
				CLANG_WARN_CONSTANT_CONVERSION = YES;
				CLANG_WARN_DEPRECATED_OBJC_IMPLEMENTATIONS = YES;
				CLANG_WARN_DIRECT_OBJC_ISA_USAGE = YES_ERROR;
				CLANG_WARN_DOCUMENTATION_COMMENTS = YES;
				CLANG_WARN_EMPTY_BODY = YES;
				CLANG_WARN_ENUM_CONVERSION = YES;
				CLANG_WARN_INFINITE_RECURSION = YES;
				CLANG_WARN_INT_CONVERSION = YES;
				CLANG_WARN_NON_LITERAL_NULL_CONVERSION = YES;
				CLANG_WARN_OBJC_IMPLICIT_RETAIN_SELF = YES;
				CLANG_WARN_OBJC_LITERAL_CONVERSION = YES;
				CLANG_WARN_OBJC_ROOT_CLASS = YES_ERROR;
				CLANG_WARN_QUOTED_INCLUDE_IN_FRAMEWORK_HEADER = YES;
				CLANG_WARN_RANGE_LOOP_ANALYSIS = YES;
				CLANG_WARN_STRICT_PROTOTYPES = YES;
				CLANG_WARN_SUSPICIOUS_MOVE = YES;
				CLANG_WARN_UNGUARDED_AVAILABILITY = YES_AGGRESSIVE;
				CLANG_WARN_UNREACHABLE_CODE = YES;
				CLANG_WARN__DUPLICATE_METHOD_MATCH = YES;
				COPY_PHASE_STRIP = NO;
				DEBUG_INFORMATION_FORMAT = "dwarf-with-dsym";
				ENABLE_NS_ASSERTIONS = NO;
				ENABLE_STRICT_OBJC_MSGSEND = YES;
				GCC_C_LANGUAGE_STANDARD = gnu11;
				GCC_NO_COMMON_BLOCKS = YES;
				GCC_WARN_64_TO_32_BIT_CONVERSION = YES;
				GCC_WARN_ABOUT_RETURN_TYPE = YES_ERROR;
				GCC_WARN_UNDECLARED_SELECTOR = YES;
				GCC_WARN_UNINITIALIZED_AUTOS = YES_AGGRESSIVE;
				GCC_WARN_UNUSED_FUNCTION = YES;
				GCC_WARN_UNUSED_VARIABLE = YES;
				IPHONEOS_DEPLOYMENT_TARGET = 13.0;
				MTL_ENABLE_DEBUG_INFO = NO;
				MTL_FAST_MATH = YES;
				SDKROOT = iphoneos;
				SWIFT_COMPILATION_MODE = wholemodule;
				SWIFT_OPTIMIZATION_LEVEL = "-O";
				VALIDATE_PRODUCT = YES;
			};
			name = Release;
		};
		DBFE6A7D2763AAC000DAAFBD /* Debug */ = {
			isa = XCBuildConfiguration;
			baseConfigurationReference = 897610E2FE46B5482F97DB4D /* Pods-BookStoreTexture.debug.xcconfig */;
			buildSettings = {
				ASSETCATALOG_COMPILER_APPICON_NAME = AppIcon;
				ASSETCATALOG_COMPILER_GLOBAL_ACCENT_COLOR_NAME = AccentColor;
				CODE_SIGN_STYLE = Automatic;
				CURRENT_PROJECT_VERSION = 1;
				DEVELOPMENT_TEAM = M77W68G9P5;
				GENERATE_INFOPLIST_FILE = YES;
				INFOPLIST_FILE = BookStoreTexture/Resources/Info.plist;
				INFOPLIST_KEY_UIApplicationSupportsIndirectInputEvents = YES;
				INFOPLIST_KEY_UILaunchStoryboardName = LaunchScreen;
				INFOPLIST_KEY_UISupportedInterfaceOrientations_iPad = "UIInterfaceOrientationPortrait UIInterfaceOrientationPortraitUpsideDown UIInterfaceOrientationLandscapeLeft UIInterfaceOrientationLandscapeRight";
				INFOPLIST_KEY_UISupportedInterfaceOrientations_iPhone = "UIInterfaceOrientationPortrait UIInterfaceOrientationLandscapeLeft UIInterfaceOrientationLandscapeRight";
				LD_RUNPATH_SEARCH_PATHS = (
					"$(inherited)",
					"@executable_path/Frameworks",
				);
				MARKETING_VERSION = 1.0.0;
				PRODUCT_BUNDLE_IDENTIFIER = com.elonpark.BookStoreTexture;
				PRODUCT_NAME = "$(TARGET_NAME)";
				SWIFT_EMIT_LOC_STRINGS = YES;
				SWIFT_VERSION = 5.0;
				TARGETED_DEVICE_FAMILY = 1;
			};
			name = Debug;
		};
		DBFE6A7E2763AAC000DAAFBD /* Release */ = {
			isa = XCBuildConfiguration;
			baseConfigurationReference = 2BA29733B1E20F660A02ED07 /* Pods-BookStoreTexture.release.xcconfig */;
			buildSettings = {
				ASSETCATALOG_COMPILER_APPICON_NAME = AppIcon;
				ASSETCATALOG_COMPILER_GLOBAL_ACCENT_COLOR_NAME = AccentColor;
				CODE_SIGN_STYLE = Automatic;
				CURRENT_PROJECT_VERSION = 1;
				DEVELOPMENT_TEAM = M77W68G9P5;
				GENERATE_INFOPLIST_FILE = YES;
				INFOPLIST_FILE = BookStoreTexture/Resources/Info.plist;
				INFOPLIST_KEY_UIApplicationSupportsIndirectInputEvents = YES;
				INFOPLIST_KEY_UILaunchStoryboardName = LaunchScreen;
				INFOPLIST_KEY_UISupportedInterfaceOrientations_iPad = "UIInterfaceOrientationPortrait UIInterfaceOrientationPortraitUpsideDown UIInterfaceOrientationLandscapeLeft UIInterfaceOrientationLandscapeRight";
				INFOPLIST_KEY_UISupportedInterfaceOrientations_iPhone = "UIInterfaceOrientationPortrait UIInterfaceOrientationLandscapeLeft UIInterfaceOrientationLandscapeRight";
				LD_RUNPATH_SEARCH_PATHS = (
					"$(inherited)",
					"@executable_path/Frameworks",
				);
				MARKETING_VERSION = 1.0.0;
				PRODUCT_BUNDLE_IDENTIFIER = com.elonpark.BookStoreTexture;
				PRODUCT_NAME = "$(TARGET_NAME)";
				SWIFT_EMIT_LOC_STRINGS = YES;
				SWIFT_VERSION = 5.0;
				TARGETED_DEVICE_FAMILY = 1;
			};
			name = Release;
		};
		DBFE6A802763AAC000DAAFBD /* Debug */ = {
			isa = XCBuildConfiguration;
			baseConfigurationReference = 2093768B9501474E257F8118 /* Pods-BookStoreTextureTests.debug.xcconfig */;
			buildSettings = {
				ALWAYS_EMBED_SWIFT_STANDARD_LIBRARIES = YES;
				BUNDLE_LOADER = "$(TEST_HOST)";
				CODE_SIGN_STYLE = Automatic;
				CURRENT_PROJECT_VERSION = 1;
				DEVELOPMENT_TEAM = M77W68G9P5;
				GENERATE_INFOPLIST_FILE = YES;
				IPHONEOS_DEPLOYMENT_TARGET = 13.0;
				LD_RUNPATH_SEARCH_PATHS = (
					"$(inherited)",
					"@executable_path/Frameworks",
					"@loader_path/Frameworks",
				);
				MARKETING_VERSION = 1.0;
				PRODUCT_BUNDLE_IDENTIFIER = com.elonpark.BookStoreTextureTests;
				PRODUCT_NAME = "$(TARGET_NAME)";
				SWIFT_EMIT_LOC_STRINGS = NO;
				SWIFT_VERSION = 5.0;
				TARGETED_DEVICE_FAMILY = "1,2";
				TEST_HOST = "$(BUILT_PRODUCTS_DIR)/BookStoreTexture.app/BookStoreTexture";
			};
			name = Debug;
		};
		DBFE6A812763AAC000DAAFBD /* Release */ = {
			isa = XCBuildConfiguration;
			baseConfigurationReference = 070286C4B0FF748BBFB52C36 /* Pods-BookStoreTextureTests.release.xcconfig */;
			buildSettings = {
				ALWAYS_EMBED_SWIFT_STANDARD_LIBRARIES = YES;
				BUNDLE_LOADER = "$(TEST_HOST)";
				CODE_SIGN_STYLE = Automatic;
				CURRENT_PROJECT_VERSION = 1;
				DEVELOPMENT_TEAM = M77W68G9P5;
				GENERATE_INFOPLIST_FILE = YES;
				IPHONEOS_DEPLOYMENT_TARGET = 13.0;
				LD_RUNPATH_SEARCH_PATHS = (
					"$(inherited)",
					"@executable_path/Frameworks",
					"@loader_path/Frameworks",
				);
				MARKETING_VERSION = 1.0;
				PRODUCT_BUNDLE_IDENTIFIER = com.elonpark.BookStoreTextureTests;
				PRODUCT_NAME = "$(TARGET_NAME)";
				SWIFT_EMIT_LOC_STRINGS = NO;
				SWIFT_VERSION = 5.0;
				TARGETED_DEVICE_FAMILY = "1,2";
				TEST_HOST = "$(BUILT_PRODUCTS_DIR)/BookStoreTexture.app/BookStoreTexture";
			};
			name = Release;
		};
		DBFE6A832763AAC000DAAFBD /* Debug */ = {
			isa = XCBuildConfiguration;
			baseConfigurationReference = 36C5254BCD1E2420B4B3B472 /* Pods-BookStoreTexture-BookStoreTextureUITests.debug.xcconfig */;
			buildSettings = {
				ALWAYS_EMBED_SWIFT_STANDARD_LIBRARIES = YES;
				CODE_SIGN_STYLE = Automatic;
				CURRENT_PROJECT_VERSION = 1;
				DEVELOPMENT_TEAM = M77W68G9P5;
				GENERATE_INFOPLIST_FILE = YES;
				LD_RUNPATH_SEARCH_PATHS = (
					"$(inherited)",
					"@executable_path/Frameworks",
					"@loader_path/Frameworks",
				);
				MARKETING_VERSION = 1.0;
				PRODUCT_BUNDLE_IDENTIFIER = com.elonpark.BookStoreTextureUITests;
				PRODUCT_NAME = "$(TARGET_NAME)";
				SWIFT_EMIT_LOC_STRINGS = NO;
				SWIFT_VERSION = 5.0;
				TARGETED_DEVICE_FAMILY = "1,2";
				TEST_TARGET_NAME = BookStoreTexture;
			};
			name = Debug;
		};
		DBFE6A842763AAC000DAAFBD /* Release */ = {
			isa = XCBuildConfiguration;
			baseConfigurationReference = 5FC2DA8D79935AEFDC7424D0 /* Pods-BookStoreTexture-BookStoreTextureUITests.release.xcconfig */;
			buildSettings = {
				ALWAYS_EMBED_SWIFT_STANDARD_LIBRARIES = YES;
				CODE_SIGN_STYLE = Automatic;
				CURRENT_PROJECT_VERSION = 1;
				DEVELOPMENT_TEAM = M77W68G9P5;
				GENERATE_INFOPLIST_FILE = YES;
				LD_RUNPATH_SEARCH_PATHS = (
					"$(inherited)",
					"@executable_path/Frameworks",
					"@loader_path/Frameworks",
				);
				MARKETING_VERSION = 1.0;
				PRODUCT_BUNDLE_IDENTIFIER = com.elonpark.BookStoreTextureUITests;
				PRODUCT_NAME = "$(TARGET_NAME)";
				SWIFT_EMIT_LOC_STRINGS = NO;
				SWIFT_VERSION = 5.0;
				TARGETED_DEVICE_FAMILY = "1,2";
				TEST_TARGET_NAME = BookStoreTexture;
			};
			name = Release;
		};
/* End XCBuildConfiguration section */

/* Begin XCConfigurationList section */
		DBFE6A4D2763AABF00DAAFBD /* Build configuration list for PBXProject "BookStoreTexture" */ = {
			isa = XCConfigurationList;
			buildConfigurations = (
				DBFE6A7A2763AAC000DAAFBD /* Debug */,
				DBFE6A7B2763AAC000DAAFBD /* Release */,
			);
			defaultConfigurationIsVisible = 0;
			defaultConfigurationName = Release;
		};
		DBFE6A7C2763AAC000DAAFBD /* Build configuration list for PBXNativeTarget "BookStoreTexture" */ = {
			isa = XCConfigurationList;
			buildConfigurations = (
				DBFE6A7D2763AAC000DAAFBD /* Debug */,
				DBFE6A7E2763AAC000DAAFBD /* Release */,
			);
			defaultConfigurationIsVisible = 0;
			defaultConfigurationName = Release;
		};
		DBFE6A7F2763AAC000DAAFBD /* Build configuration list for PBXNativeTarget "BookStoreTextureTests" */ = {
			isa = XCConfigurationList;
			buildConfigurations = (
				DBFE6A802763AAC000DAAFBD /* Debug */,
				DBFE6A812763AAC000DAAFBD /* Release */,
			);
			defaultConfigurationIsVisible = 0;
			defaultConfigurationName = Release;
		};
		DBFE6A822763AAC000DAAFBD /* Build configuration list for PBXNativeTarget "BookStoreTextureUITests" */ = {
			isa = XCConfigurationList;
			buildConfigurations = (
				DBFE6A832763AAC000DAAFBD /* Debug */,
				DBFE6A842763AAC000DAAFBD /* Release */,
			);
			defaultConfigurationIsVisible = 0;
			defaultConfigurationName = Release;
		};
/* End XCConfigurationList section */
	};
	rootObject = DBFE6A4A2763AABF00DAAFBD /* Project object */;
}
